
Microsoft Visual Studio Solution File, Format Version 12.00
# Visual Studio Version 17
VisualStudioVersion = 17.8.34322.80
MinimumVisualStudioVersion = 10.0.40219.1
Project("{FAE04EC0-301F-11D3-BF4B-00C04F79EFBC}") = "APIDemo", "APIDemo\APIDemo.csproj", "{B9B07D05-B647-4A11-93E9-A74CBF10BA6C}"
EndProject
Global
	GlobalSection(SolutionConfigurationPlatforms) = preSolution
		Debug|Any CPU = Debug|Any CPU
		Release|Any CPU = Release|Any CPU
	EndGlobalSection
	GlobalSection(ProjectConfigurationPlatforms) = postSolution
		{B9B07D05-B647-4A11-93E9-A74CBF10BA6C}.Debug|Any CPU.ActiveCfg = Debug|Any CPU
		{B9B07D05-B647-4A11-93E9-A74CBF10BA6C}.Debug|Any CPU.Build.0 = Debug|Any CPU
		{B9B07D05-B647-4A11-93E9-A74CBF10BA6C}.Release|Any CPU.ActiveCfg = Release|Any CPU
		{B9B07D05-B647-4A11-93E9-A74CBF10BA6C}.Release|Any CPU.Build.0 = Release|Any CPU
	EndGlobalSection
	GlobalSection(SolutionProperties) = preSolution
		HideSolutionNode = FALSE
	EndGlobalSection
	GlobalSection(ExtensibilityGlobals) = postSolution
		SolutionGuid = {63ADFD58-1DE9-4821-98C5-B7532CBA5BE7}
	EndGlobalSection
EndGlobal
